
Microsoft Visual Studio Solution File, Format Version 12.00
# Visual Studio Version 17
VisualStudioVersion = 17.6.33815.320
MinimumVisualStudioVersion = 10.0.40219.1
Project("{FAE04EC0-301F-11D3-BF4B-00C04F79EFBC}") = "Ass8", "Ass8\Ass8.csproj", "{2016F8B2-DF48-413C-BA5F-AEC97DC35A81}"
EndProject
Global
	GlobalSection(SolutionConfigurationPlatforms) = preSolution
		Debug|Any CPU = Debug|Any CPU
		Release|Any CPU = Release|Any CPU
	EndGlobalSection
	GlobalSection(ProjectConfigurationPlatforms) = postSolution
		{2016F8B2-DF48-413C-BA5F-AEC97DC35A81}.Debug|Any CPU.ActiveCfg = Debug|Any CPU
		{2016F8B2-DF48-413C-BA5F-AEC97DC35A81}.Debug|Any CPU.Build.0 = Debug|Any CPU
		{2016F8B2-DF48-413C-BA5F-AEC97DC35A81}.Release|Any CPU.ActiveCfg = Release|Any CPU
		{2016F8B2-DF48-413C-BA5F-AEC97DC35A81}.Release|Any CPU.Build.0 = Release|Any CPU
	EndGlobalSection
	GlobalSection(SolutionProperties) = preSolution
		HideSolutionNode = FALSE
	EndGlobalSection
	GlobalSection(ExtensibilityGlobals) = postSolution
		SolutionGuid = {EB030B5E-0203-43CF-AC36-9E94216BE233}
	EndGlobalSection
EndGlobal
